
Microsoft Visual Studio Solution File, Format Version 12.00
# Visual Studio 15
VisualStudioVersion = 15.0.27004.2009
MinimumVisualStudioVersion = 10.0.40219.1
Project("{9A19103F-16F7-4668-BE54-9A1E7A4F7556}") = "WordPressAPI", "WordPressAPI\WordPressAPI.csproj", "{8BB4432D-9608-448C-9006-1BAEADBE3469}"
EndProject
Project("{9A19103F-16F7-4668-BE54-9A1E7A4F7556}") = "WordPressAPI.Tests", "WordPressAPI.Tests\WordPressAPI.Tests.csproj", "{FB713425-D7EF-4DE7-861E-3C3DB1126A32}"
EndProject
Project("{9A19103F-16F7-4668-BE54-9A1E7A4F7556}") = "WP.WebAPI", "WP.WebAPI\WP.WebAPI.csproj", "{FBD2C9AC-D74E-477A-96EB-43029BC9BBF8}"
EndProject
Project("{2150E333-8FDC-42A3-9474-1A3956D46DE8}") = "Tests", "Tests", "{74782AD1-4181-4D18-8947-A192DFCED2EF}"
EndProject
Project("{FAE04EC0-301F-11D3-BF4B-00C04F79EFBC}") = "WP.UI", "WP.UI\WP.UI.csproj", "{90927C38-1930-4E27-86EC-692389885019}"
EndProject
Global
	GlobalSection(SolutionConfigurationPlatforms) = preSolution
		Debug|Any CPU = Debug|Any CPU
		Release|Any CPU = Release|Any CPU
	EndGlobalSection
	GlobalSection(ProjectConfigurationPlatforms) = postSolution
		{8BB4432D-9608-448C-9006-1BAEADBE3469}.Debug|Any CPU.ActiveCfg = Debug|Any CPU
		{8BB4432D-9608-448C-9006-1BAEADBE3469}.Debug|Any CPU.Build.0 = Debug|Any CPU
		{8BB4432D-9608-448C-9006-1BAEADBE3469}.Release|Any CPU.ActiveCfg = Release|Any CPU
		{8BB4432D-9608-448C-9006-1BAEADBE3469}.Release|Any CPU.Build.0 = Release|Any CPU
		{FB713425-D7EF-4DE7-861E-3C3DB1126A32}.Debug|Any CPU.ActiveCfg = Debug|Any CPU
		{FB713425-D7EF-4DE7-861E-3C3DB1126A32}.Debug|Any CPU.Build.0 = Debug|Any CPU
		{FB713425-D7EF-4DE7-861E-3C3DB1126A32}.Release|Any CPU.ActiveCfg = Release|Any CPU
		{FB713425-D7EF-4DE7-861E-3C3DB1126A32}.Release|Any CPU.Build.0 = Release|Any CPU
		{FBD2C9AC-D74E-477A-96EB-43029BC9BBF8}.Debug|Any CPU.ActiveCfg = Debug|Any CPU
		{FBD2C9AC-D74E-477A-96EB-43029BC9BBF8}.Debug|Any CPU.Build.0 = Debug|Any CPU
		{FBD2C9AC-D74E-477A-96EB-43029BC9BBF8}.Release|Any CPU.ActiveCfg = Release|Any CPU
		{FBD2C9AC-D74E-477A-96EB-43029BC9BBF8}.Release|Any CPU.Build.0 = Release|Any CPU
		{90927C38-1930-4E27-86EC-692389885019}.Debug|Any CPU.ActiveCfg = Debug|Any CPU
		{90927C38-1930-4E27-86EC-692389885019}.Debug|Any CPU.Build.0 = Debug|Any CPU
		{90927C38-1930-4E27-86EC-692389885019}.Release|Any CPU.ActiveCfg = Release|Any CPU
		{90927C38-1930-4E27-86EC-692389885019}.Release|Any CPU.Build.0 = Release|Any CPU
	EndGlobalSection
	GlobalSection(SolutionProperties) = preSolution
		HideSolutionNode = FALSE
	EndGlobalSection
	GlobalSection(NestedProjects) = preSolution
		{FB713425-D7EF-4DE7-861E-3C3DB1126A32} = {74782AD1-4181-4D18-8947-A192DFCED2EF}
	EndGlobalSection
	GlobalSection(ExtensibilityGlobals) = postSolution
		SolutionGuid = {57884BD9-0215-4FE8-A161-31C290017435}
	EndGlobalSection
EndGlobal
